// !$*UTF8*$!
{
	archiveVersion = 1;
	classes = {
	};
	objectVersion = 55;
	objects = {

/* Begin PBXBuildFile section */
		0847980D28828F4300A792B2 /* Tests_iOS.swift in Sources */ = {isa = PBXBuildFile; fileRef = 0847980C28828F4300A792B2 /* Tests_iOS.swift */; };
		0847980F28828F4300A792B2 /* Tests_iOSLaunchTests.swift in Sources */ = {isa = PBXBuildFile; fileRef = 0847980E28828F4300A792B2 /* Tests_iOSLaunchTests.swift */; };
		0847981928828F4300A792B2 /* Tests_macOS.swift in Sources */ = {isa = PBXBuildFile; fileRef = 0847981828828F4300A792B2 /* Tests_macOS.swift */; };
		0847981B28828F4300A792B2 /* Tests_macOSLaunchTests.swift in Sources */ = {isa = PBXBuildFile; fileRef = 0847981A28828F4300A792B2 /* Tests_macOSLaunchTests.swift */; };
		0847981C28828F4300A792B2 /* Point_CounterApp.swift in Sources */ = {isa = PBXBuildFile; fileRef = 084797F028828F4100A792B2 /* Point_CounterApp.swift */; };
		0847981D28828F4300A792B2 /* Point_CounterApp.swift in Sources */ = {isa = PBXBuildFile; fileRef = 084797F028828F4100A792B2 /* Point_CounterApp.swift */; };
		0847981E28828F4300A792B2 /* GameDocument.swift in Sources */ = {isa = PBXBuildFile; fileRef = 084797F128828F4100A792B2 /* GameDocument.swift */; };
		0847981F28828F4300A792B2 /* GameDocument.swift in Sources */ = {isa = PBXBuildFile; fileRef = 084797F128828F4100A792B2 /* GameDocument.swift */; };
		0847982028828F4300A792B2 /* ContentView.swift in Sources */ = {isa = PBXBuildFile; fileRef = 084797F228828F4100A792B2 /* ContentView.swift */; };
		0847982128828F4300A792B2 /* ContentView.swift in Sources */ = {isa = PBXBuildFile; fileRef = 084797F228828F4100A792B2 /* ContentView.swift */; };
		0847982228828F4300A792B2 /* Assets.xcassets in Resources */ = {isa = PBXBuildFile; fileRef = 084797F328828F4300A792B2 /* Assets.xcassets */; };
		0847982328828F4300A792B2 /* Assets.xcassets in Resources */ = {isa = PBXBuildFile; fileRef = 084797F328828F4300A792B2 /* Assets.xcassets */; };
		0847983428828F8D00A792B2 /* Sport.swift in Sources */ = {isa = PBXBuildFile; fileRef = 0847983328828F8D00A792B2 /* Sport.swift */; };
		0847983528828F9100A792B2 /* Sport.swift in Sources */ = {isa = PBXBuildFile; fileRef = 0847983328828F8D00A792B2 /* Sport.swift */; };
		084798372882908800A792B2 /* Icon.swift in Sources */ = {isa = PBXBuildFile; fileRef = 084798362882908800A792B2 /* Icon.swift */; };
		084798382882908A00A792B2 /* Icon.swift in Sources */ = {isa = PBXBuildFile; fileRef = 084798362882908800A792B2 /* Icon.swift */; };
		0847983A2882913100A792B2 /* Game.swift in Sources */ = {isa = PBXBuildFile; fileRef = 084798392882913100A792B2 /* Game.swift */; };
		0847983B2882913100A792B2 /* Game.swift in Sources */ = {isa = PBXBuildFile; fileRef = 084798392882913100A792B2 /* Game.swift */; };
		0847983D2882920B00A792B2 /* Team.swift in Sources */ = {isa = PBXBuildFile; fileRef = 0847983C2882920B00A792B2 /* Team.swift */; };
		0847983E2882920B00A792B2 /* Team.swift in Sources */ = {isa = PBXBuildFile; fileRef = 0847983C2882920B00A792B2 /* Team.swift */; };
		088120E628B720E500A0A659 /* SettingView.swift in Sources */ = {isa = PBXBuildFile; fileRef = 088120E528B720E500A0A659 /* SettingView.swift */; };
		088120E728B720E500A0A659 /* SettingView.swift in Sources */ = {isa = PBXBuildFile; fileRef = 088120E528B720E500A0A659 /* SettingView.swift */; };
		08E21CC728A916AD008BD130 /* GameView.swift in Sources */ = {isa = PBXBuildFile; fileRef = 08E21CC628A916AD008BD130 /* GameView.swift */; };
		08E21CC828A916AD008BD130 /* GameView.swift in Sources */ = {isa = PBXBuildFile; fileRef = 08E21CC628A916AD008BD130 /* GameView.swift */; };
		08E21CCB28AA22C0008BD130 /* ScoreButtons.swift in Sources */ = {isa = PBXBuildFile; fileRef = 08E21CCA28AA22C0008BD130 /* ScoreButtons.swift */; };
		08E21CCC28AA22C0008BD130 /* ScoreButtons.swift in Sources */ = {isa = PBXBuildFile; fileRef = 08E21CCA28AA22C0008BD130 /* ScoreButtons.swift */; };
/* End PBXBuildFile section */

/* Begin PBXContainerItemProxy section */
		0847980928828F4300A792B2 /* PBXContainerItemProxy */ = {
			isa = PBXContainerItemProxy;
			containerPortal = 084797EB28828F4100A792B2 /* Project object */;
			proxyType = 1;
			remoteGlobalIDString = 084797F728828F4300A792B2;
			remoteInfo = "Point Counter (iOS)";
		};
		0847981528828F4300A792B2 /* PBXContainerItemProxy */ = {
			isa = PBXContainerItemProxy;
			containerPortal = 084797EB28828F4100A792B2 /* Project object */;
			proxyType = 1;
			remoteGlobalIDString = 084797FF28828F4300A792B2;
			remoteInfo = "Point Counter (macOS)";
		};
/* End PBXContainerItemProxy section */

/* Begin PBXFileReference section */
		084797F028828F4100A792B2 /* Point_CounterApp.swift */ = {isa = PBXFileReference; lastKnownFileType = sourcecode.swift; path = Point_CounterApp.swift; sourceTree = "<group>"; };
		084797F128828F4100A792B2 /* GameDocument.swift */ = {isa = PBXFileReference; lastKnownFileType = sourcecode.swift; path = GameDocument.swift; sourceTree = "<group>"; };
		084797F228828F4100A792B2 /* ContentView.swift */ = {isa = PBXFileReference; lastKnownFileType = sourcecode.swift; path = ContentView.swift; sourceTree = "<group>"; };
		084797F328828F4300A792B2 /* Assets.xcassets */ = {isa = PBXFileReference; lastKnownFileType = folder.assetcatalog; path = Assets.xcassets; sourceTree = "<group>"; };
		084797F828828F4300A792B2 /* Point Counter.app */ = {isa = PBXFileReference; explicitFileType = wrapper.application; includeInIndex = 0; path = "Point Counter.app"; sourceTree = BUILT_PRODUCTS_DIR; };
		084797FB28828F4300A792B2 /* Info.plist */ = {isa = PBXFileReference; lastKnownFileType = text.plist.xml; path = Info.plist; sourceTree = "<group>"; };
		0847980028828F4300A792B2 /* Point Counter.app */ = {isa = PBXFileReference; explicitFileType = wrapper.application; includeInIndex = 0; path = "Point Counter.app"; sourceTree = BUILT_PRODUCTS_DIR; };
		0847980228828F4300A792B2 /* Info.plist */ = {isa = PBXFileReference; lastKnownFileType = text.plist.xml; path = Info.plist; sourceTree = "<group>"; };
		0847980328828F4300A792B2 /* macOS.entitlements */ = {isa = PBXFileReference; lastKnownFileType = text.plist.entitlements; path = macOS.entitlements; sourceTree = "<group>"; };
		0847980828828F4300A792B2 /* Tests iOS.xctest */ = {isa = PBXFileReference; explicitFileType = wrapper.cfbundle; includeInIndex = 0; path = "Tests iOS.xctest"; sourceTree = BUILT_PRODUCTS_DIR; };
		0847980C28828F4300A792B2 /* Tests_iOS.swift */ = {isa = PBXFileReference; lastKnownFileType = sourcecode.swift; path = Tests_iOS.swift; sourceTree = "<group>"; };
		0847980E28828F4300A792B2 /* Tests_iOSLaunchTests.swift */ = {isa = PBXFileReference; lastKnownFileType = sourcecode.swift; path = Tests_iOSLaunchTests.swift; sourceTree = "<group>"; };
		0847981428828F4300A792B2 /* Tests macOS.xctest */ = {isa = PBXFileReference; explicitFileType = wrapper.cfbundle; includeInIndex = 0; path = "Tests macOS.xctest"; sourceTree = BUILT_PRODUCTS_DIR; };
		0847981828828F4300A792B2 /* Tests_macOS.swift */ = {isa = PBXFileReference; lastKnownFileType = sourcecode.swift; path = Tests_macOS.swift; sourceTree = "<group>"; };
		0847981A28828F4300A792B2 /* Tests_macOSLaunchTests.swift */ = {isa = PBXFileReference; lastKnownFileType = sourcecode.swift; path = Tests_macOSLaunchTests.swift; sourceTree = "<group>"; };
		0847983328828F8D00A792B2 /* Sport.swift */ = {isa = PBXFileReference; lastKnownFileType = sourcecode.swift; path = Sport.swift; sourceTree = "<group>"; };
		084798362882908800A792B2 /* Icon.swift */ = {isa = PBXFileReference; lastKnownFileType = sourcecode.swift; path = Icon.swift; sourceTree = "<group>"; };
		084798392882913100A792B2 /* Game.swift */ = {isa = PBXFileReference; lastKnownFileType = sourcecode.swift; path = Game.swift; sourceTree = "<group>"; };
		0847983C2882920B00A792B2 /* Team.swift */ = {isa = PBXFileReference; lastKnownFileType = sourcecode.swift; path = Team.swift; sourceTree = "<group>"; };
		088120E528B720E500A0A659 /* SettingView.swift */ = {isa = PBXFileReference; lastKnownFileType = sourcecode.swift; path = SettingView.swift; sourceTree = "<group>"; };
		08E21CC628A916AD008BD130 /* GameView.swift */ = {isa = PBXFileReference; lastKnownFileType = sourcecode.swift; path = GameView.swift; sourceTree = "<group>"; };
		08E21CCA28AA22C0008BD130 /* ScoreButtons.swift */ = {isa = PBXFileReference; lastKnownFileType = sourcecode.swift; path = ScoreButtons.swift; sourceTree = "<group>"; };
/* End PBXFileReference section */

/* Begin PBXFrameworksBuildPhase section */
		084797F528828F4300A792B2 /* Frameworks */ = {
			isa = PBXFrameworksBuildPhase;
			buildActionMask = 2147483647;
			files = (
			);
			runOnlyForDeploymentPostprocessing = 0;
		};
		084797FD28828F4300A792B2 /* Frameworks */ = {
			isa = PBXFrameworksBuildPhase;
			buildActionMask = 2147483647;
			files = (
			);
			runOnlyForDeploymentPostprocessing = 0;
		};
		0847980528828F4300A792B2 /* Frameworks */ = {
			isa = PBXFrameworksBuildPhase;
			buildActionMask = 2147483647;
			files = (
			);
			runOnlyForDeploymentPostprocessing = 0;
		};
		0847981128828F4300A792B2 /* Frameworks */ = {
			isa = PBXFrameworksBuildPhase;
			buildActionMask = 2147483647;
			files = (
			);
			runOnlyForDeploymentPostprocessing = 0;
		};
/* End PBXFrameworksBuildPhase section */

/* Begin PBXGroup section */
		084797EA28828F4100A792B2 = {
			isa = PBXGroup;
			children = (
				0847983228828F5400A792B2 /* Model */,
				084797EF28828F4100A792B2 /* Shared */,
				08E21CC928A916B2008BD130 /* Views */,
				084797FA28828F4300A792B2 /* iOS */,
				0847980128828F4300A792B2 /* macOS */,
				0847980B28828F4300A792B2 /* Tests iOS */,
				0847981728828F4300A792B2 /* Tests macOS */,
				084797F928828F4300A792B2 /* Products */,
			);
			sourceTree = "<group>";
		};
		084797EF28828F4100A792B2 /* Shared */ = {
			isa = PBXGroup;
			children = (
				084797F028828F4100A792B2 /* Point_CounterApp.swift */,
				084797F128828F4100A792B2 /* GameDocument.swift */,
				084797F228828F4100A792B2 /* ContentView.swift */,
				084797F328828F4300A792B2 /* Assets.xcassets */,
			);
			path = Shared;
			sourceTree = "<group>";
		};
		084797F928828F4300A792B2 /* Products */ = {
			isa = PBXGroup;
			children = (
				084797F828828F4300A792B2 /* Point Counter.app */,
				0847980028828F4300A792B2 /* Point Counter.app */,
				0847980828828F4300A792B2 /* Tests iOS.xctest */,
				0847981428828F4300A792B2 /* Tests macOS.xctest */,
			);
			name = Products;
			sourceTree = "<group>";
		};
		084797FA28828F4300A792B2 /* iOS */ = {
			isa = PBXGroup;
			children = (
				084797FB28828F4300A792B2 /* Info.plist */,
			);
			path = iOS;
			sourceTree = "<group>";
		};
		0847980128828F4300A792B2 /* macOS */ = {
			isa = PBXGroup;
			children = (
				0847980228828F4300A792B2 /* Info.plist */,
				0847980328828F4300A792B2 /* macOS.entitlements */,
			);
			path = macOS;
			sourceTree = "<group>";
		};
		0847980B28828F4300A792B2 /* Tests iOS */ = {
			isa = PBXGroup;
			children = (
				0847980C28828F4300A792B2 /* Tests_iOS.swift */,
				0847980E28828F4300A792B2 /* Tests_iOSLaunchTests.swift */,
			);
			path = "Tests iOS";
			sourceTree = "<group>";
		};
		0847981728828F4300A792B2 /* Tests macOS */ = {
			isa = PBXGroup;
			children = (
				0847981828828F4300A792B2 /* Tests_macOS.swift */,
				0847981A28828F4300A792B2 /* Tests_macOSLaunchTests.swift */,
			);
			path = "Tests macOS";
			sourceTree = "<group>";
		};
		0847983228828F5400A792B2 /* Model */ = {
			isa = PBXGroup;
			children = (
				0847983328828F8D00A792B2 /* Sport.swift */,
				084798392882913100A792B2 /* Game.swift */,
				0847983C2882920B00A792B2 /* Team.swift */,
				084798362882908800A792B2 /* Icon.swift */,
			);
			path = Model;
			sourceTree = "<group>";
		};
		08E21CC928A916B2008BD130 /* Views */ = {
			isa = PBXGroup;
			children = (
				08E21CC628A916AD008BD130 /* GameView.swift */,
				08E21CCA28AA22C0008BD130 /* ScoreButtons.swift */,
				088120E528B720E500A0A659 /* SettingView.swift */,
			);
			path = Views;
			sourceTree = "<group>";
		};
/* End PBXGroup section */

/* Begin PBXNativeTarget section */
		084797F728828F4300A792B2 /* Point Counter (iOS) */ = {
			isa = PBXNativeTarget;
			buildConfigurationList = 0847982628828F4300A792B2 /* Build configuration list for PBXNativeTarget "Point Counter (iOS)" */;
			buildPhases = (
				084797F428828F4300A792B2 /* Sources */,
				084797F528828F4300A792B2 /* Frameworks */,
				084797F628828F4300A792B2 /* Resources */,
			);
			buildRules = (
			);
			dependencies = (
			);
			name = "Point Counter (iOS)";
			productName = "Point Counter (iOS)";
			productReference = 084797F828828F4300A792B2 /* Point Counter.app */;
			productType = "com.apple.product-type.application";
		};
		084797FF28828F4300A792B2 /* Point Counter (macOS) */ = {
			isa = PBXNativeTarget;
			buildConfigurationList = 0847982928828F4300A792B2 /* Build configuration list for PBXNativeTarget "Point Counter (macOS)" */;
			buildPhases = (
				084797FC28828F4300A792B2 /* Sources */,
				084797FD28828F4300A792B2 /* Frameworks */,
				084797FE28828F4300A792B2 /* Resources */,
			);
			buildRules = (
			);
			dependencies = (
			);
			name = "Point Counter (macOS)";
			productName = "Point Counter (macOS)";
			productReference = 0847980028828F4300A792B2 /* Point Counter.app */;
			productType = "com.apple.product-type.application";
		};
		0847980728828F4300A792B2 /* Tests iOS */ = {
			isa = PBXNativeTarget;
			buildConfigurationList = 0847982C28828F4300A792B2 /* Build configuration list for PBXNativeTarget "Tests iOS" */;
			buildPhases = (
				0847980428828F4300A792B2 /* Sources */,
				0847980528828F4300A792B2 /* Frameworks */,
				0847980628828F4300A792B2 /* Resources */,
			);
			buildRules = (
			);
			dependencies = (
				0847980A28828F4300A792B2 /* PBXTargetDependency */,
			);
			name = "Tests iOS";
			productName = "Tests iOS";
			productReference = 0847980828828F4300A792B2 /* Tests iOS.xctest */;
			productType = "com.apple.product-type.bundle.ui-testing";
		};
		0847981328828F4300A792B2 /* Tests macOS */ = {
			isa = PBXNativeTarget;
			buildConfigurationList = 0847982F28828F4300A792B2 /* Build configuration list for PBXNativeTarget "Tests macOS" */;
			buildPhases = (
				0847981028828F4300A792B2 /* Sources */,
				0847981128828F4300A792B2 /* Frameworks */,
				0847981228828F4300A792B2 /* Resources */,
			);
			buildRules = (
			);
			dependencies = (
				0847981628828F4300A792B2 /* PBXTargetDependency */,
			);
			name = "Tests macOS";
			productName = "Tests macOS";
			productReference = 0847981428828F4300A792B2 /* Tests macOS.xctest */;
			productType = "com.apple.product-type.bundle.ui-testing";
		};
/* End PBXNativeTarget section */

/* Begin PBXProject section */
		084797EB28828F4100A792B2 /* Project object */ = {
			isa = PBXProject;
			attributes = {
				BuildIndependentTargetsInParallel = 1;
				LastSwiftUpdateCheck = 1340;
				LastUpgradeCheck = 1340;
				TargetAttributes = {
					084797F728828F4300A792B2 = {
						CreatedOnToolsVersion = 13.4.1;
					};
					084797FF28828F4300A792B2 = {
						CreatedOnToolsVersion = 13.4.1;
					};
					0847980728828F4300A792B2 = {
						CreatedOnToolsVersion = 13.4.1;
						TestTargetID = 084797F728828F4300A792B2;
					};
					0847981328828F4300A792B2 = {
						CreatedOnToolsVersion = 13.4.1;
						TestTargetID = 084797FF28828F4300A792B2;
					};
				};
			};
			buildConfigurationList = 084797EE28828F4100A792B2 /* Build configuration list for PBXProject "Point Counter" */;
			compatibilityVersion = "Xcode 13.0";
			developmentRegion = en;
			hasScannedForEncodings = 0;
			knownRegions = (
				en,
				Base,
			);
			mainGroup = 084797EA28828F4100A792B2;
			productRefGroup = 084797F928828F4300A792B2 /* Products */;
			projectDirPath = "";
			projectRoot = "";
			targets = (
				084797F728828F4300A792B2 /* Point Counter (iOS) */,
				084797FF28828F4300A792B2 /* Point Counter (macOS) */,
				0847980728828F4300A792B2 /* Tests iOS */,
				0847981328828F4300A792B2 /* Tests macOS */,
			);
		};
/* End PBXProject section */

/* Begin PBXResourcesBuildPhase section */
		084797F628828F4300A792B2 /* Resources */ = {
			isa = PBXResourcesBuildPhase;
			buildActionMask = 2147483647;
			files = (
				0847982228828F4300A792B2 /* Assets.xcassets in Resources */,
			);
			runOnlyForDeploymentPostprocessing = 0;
		};
		084797FE28828F4300A792B2 /* Resources */ = {
			isa = PBXResourcesBuildPhase;
			buildActionMask = 2147483647;
			files = (
				0847982328828F4300A792B2 /* Assets.xcassets in Resources */,
			);
			runOnlyForDeploymentPostprocessing = 0;
		};
		0847980628828F4300A792B2 /* Resources */ = {
			isa = PBXResourcesBuildPhase;
			buildActionMask = 2147483647;
			files = (
			);
			runOnlyForDeploymentPostprocessing = 0;
		};
		0847981228828F4300A792B2 /* Resources */ = {
			isa = PBXResourcesBuildPhase;
			buildActionMask = 2147483647;
			files = (
			);
			runOnlyForDeploymentPostprocessing = 0;
		};
/* End PBXResourcesBuildPhase section */

/* Begin PBXSourcesBuildPhase section */
		084797F428828F4300A792B2 /* Sources */ = {
			isa = PBXSourcesBuildPhase;
			buildActionMask = 2147483647;
			files = (
				0847981E28828F4300A792B2 /* GameDocument.swift in Sources */,
				088120E628B720E500A0A659 /* SettingView.swift in Sources */,
				08E21CCB28AA22C0008BD130 /* ScoreButtons.swift in Sources */,
				0847983A2882913100A792B2 /* Game.swift in Sources */,
				0847983D2882920B00A792B2 /* Team.swift in Sources */,
				0847981C28828F4300A792B2 /* Point_CounterApp.swift in Sources */,
				08E21CC728A916AD008BD130 /* GameView.swift in Sources */,
				0847983428828F8D00A792B2 /* Sport.swift in Sources */,
				084798372882908800A792B2 /* Icon.swift in Sources */,
				0847982028828F4300A792B2 /* ContentView.swift in Sources */,
			);
			runOnlyForDeploymentPostprocessing = 0;
		};
		084797FC28828F4300A792B2 /* Sources */ = {
			isa = PBXSourcesBuildPhase;
			buildActionMask = 2147483647;
			files = (
				0847981F28828F4300A792B2 /* GameDocument.swift in Sources */,
				088120E728B720E500A0A659 /* SettingView.swift in Sources */,
				08E21CCC28AA22C0008BD130 /* ScoreButtons.swift in Sources */,
				0847983B2882913100A792B2 /* Game.swift in Sources */,
				0847983E2882920B00A792B2 /* Team.swift in Sources */,
				0847981D28828F4300A792B2 /* Point_CounterApp.swift in Sources */,
				08E21CC828A916AD008BD130 /* GameView.swift in Sources */,
				0847983528828F9100A792B2 /* Sport.swift in Sources */,
				084798382882908A00A792B2 /* Icon.swift in Sources */,
				0847982128828F4300A792B2 /* ContentView.swift in Sources */,
			);
			runOnlyForDeploymentPostprocessing = 0;
		};
		0847980428828F4300A792B2 /* Sources */ = {
			isa = PBXSourcesBuildPhase;
			buildActionMask = 2147483647;
			files = (
				0847980F28828F4300A792B2 /* Tests_iOSLaunchTests.swift in Sources */,
				0847980D28828F4300A792B2 /* Tests_iOS.swift in Sources */,
			);
			runOnlyForDeploymentPostprocessing = 0;
		};
		0847981028828F4300A792B2 /* Sources */ = {
			isa = PBXSourcesBuildPhase;
			buildActionMask = 2147483647;
			files = (
				0847981B28828F4300A792B2 /* Tests_macOSLaunchTests.swift in Sources */,
				0847981928828F4300A792B2 /* Tests_macOS.swift in Sources */,
			);
			runOnlyForDeploymentPostprocessing = 0;
		};
/* End PBXSourcesBuildPhase section */

/* Begin PBXTargetDependency section */
		0847980A28828F4300A792B2 /* PBXTargetDependency */ = {
			isa = PBXTargetDependency;
			target = 084797F728828F4300A792B2 /* Point Counter (iOS) */;
			targetProxy = 0847980928828F4300A792B2 /* PBXContainerItemProxy */;
		};
		0847981628828F4300A792B2 /* PBXTargetDependency */ = {
			isa = PBXTargetDependency;
			target = 084797FF28828F4300A792B2 /* Point Counter (macOS) */;
			targetProxy = 0847981528828F4300A792B2 /* PBXContainerItemProxy */;
		};
/* End PBXTargetDependency section */

/* Begin XCBuildConfiguration section */
		0847982428828F4300A792B2 /* Debug */ = {
			isa = XCBuildConfiguration;
			buildSettings = {
				ALWAYS_SEARCH_USER_PATHS = NO;
				CLANG_ANALYZER_NONNULL = YES;
				CLANG_ANALYZER_NUMBER_OBJECT_CONVERSION = YES_AGGRESSIVE;
				CLANG_CXX_LANGUAGE_STANDARD = "gnu++17";
				CLANG_ENABLE_MODULES = YES;
				CLANG_ENABLE_OBJC_ARC = YES;
				CLANG_ENABLE_OBJC_WEAK = YES;
				CLANG_WARN_BLOCK_CAPTURE_AUTORELEASING = YES;
				CLANG_WARN_BOOL_CONVERSION = YES;
				CLANG_WARN_COMMA = YES;
				CLANG_WARN_CONSTANT_CONVERSION = YES;
				CLANG_WARN_DEPRECATED_OBJC_IMPLEMENTATIONS = YES;
				CLANG_WARN_DIRECT_OBJC_ISA_USAGE = YES_ERROR;
				CLANG_WARN_DOCUMENTATION_COMMENTS = YES;
				CLANG_WARN_EMPTY_BODY = YES;
				CLANG_WARN_ENUM_CONVERSION = YES;
				CLANG_WARN_INFINITE_RECURSION = YES;
				CLANG_WARN_INT_CONVERSION = YES;
				CLANG_WARN_NON_LITERAL_NULL_CONVERSION = YES;
				CLANG_WARN_OBJC_IMPLICIT_RETAIN_SELF = YES;
				CLANG_WARN_OBJC_LITERAL_CONVERSION = YES;
				CLANG_WARN_OBJC_ROOT_CLASS = YES_ERROR;
				CLANG_WARN_QUOTED_INCLUDE_IN_FRAMEWORK_HEADER = YES;
				CLANG_WARN_RANGE_LOOP_ANALYSIS = YES;
				CLANG_WARN_STRICT_PROTOTYPES = YES;
				CLANG_WARN_SUSPICIOUS_MOVE = YES;
				CLANG_WARN_UNGUARDED_AVAILABILITY = YES_AGGRESSIVE;
				CLANG_WARN_UNREACHABLE_CODE = YES;
				CLANG_WARN__DUPLICATE_METHOD_MATCH = YES;
				COPY_PHASE_STRIP = NO;
				DEBUG_INFORMATION_FORMAT = dwarf;
				ENABLE_STRICT_OBJC_MSGSEND = YES;
				ENABLE_TESTABILITY = YES;
				GCC_C_LANGUAGE_STANDARD = gnu11;
				GCC_DYNAMIC_NO_PIC = NO;
				GCC_NO_COMMON_BLOCKS = YES;
				GCC_OPTIMIZATION_LEVEL = 0;
				GCC_PREPROCESSOR_DEFINITIONS = (
					"DEBUG=1",
					"$(inherited)",
				);
				GCC_WARN_64_TO_32_BIT_CONVERSION = YES;
				GCC_WARN_ABOUT_RETURN_TYPE = YES_ERROR;
				GCC_WARN_UNDECLARED_SELECTOR = YES;
				GCC_WARN_UNINITIALIZED_AUTOS = YES_AGGRESSIVE;
				GCC_WARN_UNUSED_FUNCTION = YES;
				GCC_WARN_UNUSED_VARIABLE = YES;
				MTL_ENABLE_DEBUG_INFO = INCLUDE_SOURCE;
				MTL_FAST_MATH = YES;
				ONLY_ACTIVE_ARCH = YES;
				SWIFT_ACTIVE_COMPILATION_CONDITIONS = DEBUG;
				SWIFT_OPTIMIZATION_LEVEL = "-Onone";
			};
			name = Debug;
		};
		0847982528828F4300A792B2 /* Release */ = {
			isa = XCBuildConfiguration;
			buildSettings = {
				ALWAYS_SEARCH_USER_PATHS = NO;
				CLANG_ANALYZER_NONNULL = YES;
				CLANG_ANALYZER_NUMBER_OBJECT_CONVERSION = YES_AGGRESSIVE;
				CLANG_CXX_LANGUAGE_STANDARD = "gnu++17";
				CLANG_ENABLE_MODULES = YES;
				CLANG_ENABLE_OBJC_ARC = YES;
				CLANG_ENABLE_OBJC_WEAK = YES;
				CLANG_WARN_BLOCK_CAPTURE_AUTORELEASING = YES;
				CLANG_WARN_BOOL_CONVERSION = YES;
				CLANG_WARN_COMMA = YES;
				CLANG_WARN_CONSTANT_CONVERSION = YES;
				CLANG_WARN_DEPRECATED_OBJC_IMPLEMENTATIONS = YES;
				CLANG_WARN_DIRECT_OBJC_ISA_USAGE = YES_ERROR;
				CLANG_WARN_DOCUMENTATION_COMMENTS = YES;
				CLANG_WARN_EMPTY_BODY = YES;
				CLANG_WARN_ENUM_CONVERSION = YES;
				CLANG_WARN_INFINITE_RECURSION = YES;
				CLANG_WARN_INT_CONVERSION = YES;
				CLANG_WARN_NON_LITERAL_NULL_CONVERSION = YES;
				CLANG_WARN_OBJC_IMPLICIT_RETAIN_SELF = YES;
				CLANG_WARN_OBJC_LITERAL_CONVERSION = YES;
				CLANG_WARN_OBJC_ROOT_CLASS = YES_ERROR;
				CLANG_WARN_QUOTED_INCLUDE_IN_FRAMEWORK_HEADER = YES;
				CLANG_WARN_RANGE_LOOP_ANALYSIS = YES;
				CLANG_WARN_STRICT_PROTOTYPES = YES;
				CLANG_WARN_SUSPICIOUS_MOVE = YES;
				CLANG_WARN_UNGUARDED_AVAILABILITY = YES_AGGRESSIVE;
				CLANG_WARN_UNREACHABLE_CODE = YES;
				CLANG_WARN__DUPLICATE_METHOD_MATCH = YES;
				COPY_PHASE_STRIP = NO;
				DEBUG_INFORMATION_FORMAT = "dwarf-with-dsym";
				ENABLE_NS_ASSERTIONS = NO;
				ENABLE_STRICT_OBJC_MSGSEND = YES;
				GCC_C_LANGUAGE_STANDARD = gnu11;
				GCC_NO_COMMON_BLOCKS = YES;
				GCC_WARN_64_TO_32_BIT_CONVERSION = YES;
				GCC_WARN_ABOUT_RETURN_TYPE = YES_ERROR;
				GCC_WARN_UNDECLARED_SELECTOR = YES;
				GCC_WARN_UNINITIALIZED_AUTOS = YES_AGGRESSIVE;
				GCC_WARN_UNUSED_FUNCTION = YES;
				GCC_WARN_UNUSED_VARIABLE = YES;
				MTL_ENABLE_DEBUG_INFO = NO;
				MTL_FAST_MATH = YES;
				SWIFT_COMPILATION_MODE = wholemodule;
				SWIFT_OPTIMIZATION_LEVEL = "-O";
			};
			name = Release;
		};
		0847982728828F4300A792B2 /* Debug */ = {
			isa = XCBuildConfiguration;
			buildSettings = {
				ASSETCATALOG_COMPILER_APPICON_NAME = "Counter iOS";
				ASSETCATALOG_COMPILER_GLOBAL_ACCENT_COLOR_NAME = AccentColor;
				CODE_SIGN_STYLE = Automatic;
				CURRENT_PROJECT_VERSION = 1;
				DEVELOPMENT_TEAM = J8YJLAG3D5;
				ENABLE_PREVIEWS = YES;
				GENERATE_INFOPLIST_FILE = YES;
				INFOPLIST_FILE = iOS/Info.plist;
				INFOPLIST_KEY_LSSupportsOpeningDocumentsInPlace = YES;
				INFOPLIST_KEY_UIApplicationSceneManifest_Generation = YES;
				INFOPLIST_KEY_UIApplicationSupportsIndirectInputEvents = YES;
				INFOPLIST_KEY_UILaunchScreen_Generation = YES;
				INFOPLIST_KEY_UISupportedInterfaceOrientations_iPad = "UIInterfaceOrientationPortrait UIInterfaceOrientationPortraitUpsideDown UIInterfaceOrientationLandscapeLeft UIInterfaceOrientationLandscapeRight";
				INFOPLIST_KEY_UISupportedInterfaceOrientations_iPhone = "UIInterfaceOrientationPortrait UIInterfaceOrientationLandscapeLeft UIInterfaceOrientationLandscapeRight";
				INFOPLIST_KEY_UISupportsDocumentBrowser = YES;
				IPHONEOS_DEPLOYMENT_TARGET = 15.5;
				LD_RUNPATH_SEARCH_PATHS = (
					"$(inherited)",
					"@executable_path/Frameworks",
				);
				MARKETING_VERSION = 1.0;
				PRODUCT_BUNDLE_IDENTIFIER = "net.waiata.Point-Counter";
				PRODUCT_NAME = "Point Counter";
				SDKROOT = iphoneos;
				SWIFT_EMIT_LOC_STRINGS = YES;
				SWIFT_VERSION = 5.0;
				TARGETED_DEVICE_FAMILY = "1,2";
			};
			name = Debug;
		};
		0847982828828F4300A792B2 /* Release */ = {
			isa = XCBuildConfiguration;
			buildSettings = {
				ASSETCATALOG_COMPILER_APPICON_NAME = "Counter iOS";
				ASSETCATALOG_COMPILER_GLOBAL_ACCENT_COLOR_NAME = AccentColor;
				CODE_SIGN_STYLE = Automatic;
				CURRENT_PROJECT_VERSION = 1;
				DEVELOPMENT_TEAM = J8YJLAG3D5;
				ENABLE_PREVIEWS = YES;
				GENERATE_INFOPLIST_FILE = YES;
				INFOPLIST_FILE = iOS/Info.plist;
				INFOPLIST_KEY_LSSupportsOpeningDocumentsInPlace = YES;
				INFOPLIST_KEY_UIApplicationSceneManifest_Generation = YES;
				INFOPLIST_KEY_UIApplicationSupportsIndirectInputEvents = YES;
				INFOPLIST_KEY_UILaunchScreen_Generation = YES;
				INFOPLIST_KEY_UISupportedInterfaceOrientations_iPad = "UIInterfaceOrientationPortrait UIInterfaceOrientationPortraitUpsideDown UIInterfaceOrientationLandscapeLeft UIInterfaceOrientationLandscapeRight";
				INFOPLIST_KEY_UISupportedInterfaceOrientations_iPhone = "UIInterfaceOrientationPortrait UIInterfaceOrientationLandscapeLeft UIInterfaceOrientationLandscapeRight";
				INFOPLIST_KEY_UISupportsDocumentBrowser = YES;
				IPHONEOS_DEPLOYMENT_TARGET = 15.5;
				LD_RUNPATH_SEARCH_PATHS = (
					"$(inherited)",
					"@executable_path/Frameworks",
				);
				MARKETING_VERSION = 1.0;
				PRODUCT_BUNDLE_IDENTIFIER = "net.waiata.Point-Counter";
				PRODUCT_NAME = "Point Counter";
				SDKROOT = iphoneos;
				SWIFT_EMIT_LOC_STRINGS = YES;
				SWIFT_VERSION = 5.0;
				TARGETED_DEVICE_FAMILY = "1,2";
				VALIDATE_PRODUCT = YES;
			};
			name = Release;
		};
		0847982A28828F4300A792B2 /* Debug */ = {
			isa = XCBuildConfiguration;
			buildSettings = {
				ASSETCATALOG_COMPILER_APPICON_NAME = "Counter Mac";
				ASSETCATALOG_COMPILER_GLOBAL_ACCENT_COLOR_NAME = AccentColor;
				CODE_SIGN_ENTITLEMENTS = macOS/macOS.entitlements;
				CODE_SIGN_STYLE = Automatic;
				COMBINE_HIDPI_IMAGES = YES;
				CURRENT_PROJECT_VERSION = 1;
				DEVELOPMENT_TEAM = J8YJLAG3D5;
				ENABLE_HARDENED_RUNTIME = YES;
				ENABLE_PREVIEWS = YES;
				GENERATE_INFOPLIST_FILE = YES;
				INFOPLIST_FILE = macOS/Info.plist;
				INFOPLIST_KEY_NSHumanReadableCopyright = "";
				LD_RUNPATH_SEARCH_PATHS = (
					"$(inherited)",
					"@executable_path/../Frameworks",
				);
				MACOSX_DEPLOYMENT_TARGET = 12.3;
				MARKETING_VERSION = 1.0;
				PRODUCT_BUNDLE_IDENTIFIER = "net.waiata.Point-Counter";
				PRODUCT_NAME = "Point Counter";
				SDKROOT = macosx;
				SWIFT_EMIT_LOC_STRINGS = YES;
				SWIFT_VERSION = 5.0;
			};
			name = Debug;
		};
		0847982B28828F4300A792B2 /* Release */ = {
			isa = XCBuildConfiguration;
			buildSettings = {
				ASSETCATALOG_COMPILER_APPICON_NAME = "Counter Mac";
				ASSETCATALOG_COMPILER_GLOBAL_ACCENT_COLOR_NAME = AccentColor;
				CODE_SIGN_ENTITLEMENTS = macOS/macOS.entitlements;
				CODE_SIGN_STYLE = Automatic;
				COMBINE_HIDPI_IMAGES = YES;
				CURRENT_PROJECT_VERSION = 1;
				DEVELOPMENT_TEAM = J8YJLAG3D5;
				ENABLE_HARDENED_RUNTIME = YES;
				ENABLE_PREVIEWS = YES;
				GENERATE_INFOPLIST_FILE = YES;
				INFOPLIST_FILE = macOS/Info.plist;
				INFOPLIST_KEY_NSHumanReadableCopyright = "";
				LD_RUNPATH_SEARCH_PATHS = (
					"$(inherited)",
					"@executable_path/../Frameworks",
				);
				MACOSX_DEPLOYMENT_TARGET = 12.3;
				MARKETING_VERSION = 1.0;
				PRODUCT_BUNDLE_IDENTIFIER = "net.waiata.Point-Counter";
				PRODUCT_NAME = "Point Counter";
				SDKROOT = macosx;
				SWIFT_EMIT_LOC_STRINGS = YES;
				SWIFT_VERSION = 5.0;
			};
			name = Release;
		};
		0847982D28828F4300A792B2 /* Debug */ = {
			isa = XCBuildConfiguration;
			buildSettings = {
				ALWAYS_EMBED_SWIFT_STANDARD_LIBRARIES = YES;
				CODE_SIGN_STYLE = Automatic;
				CURRENT_PROJECT_VERSION = 1;
				DEVELOPMENT_TEAM = J8YJLAG3D5;
				GENERATE_INFOPLIST_FILE = YES;
				IPHONEOS_DEPLOYMENT_TARGET = 15.5;
				MARKETING_VERSION = 1.0;
				PRODUCT_BUNDLE_IDENTIFIER = "net.waiata.Tests-iOS";
				PRODUCT_NAME = "$(TARGET_NAME)";
				SDKROOT = iphoneos;
				SWIFT_EMIT_LOC_STRINGS = NO;
				SWIFT_VERSION = 5.0;
				TARGETED_DEVICE_FAMILY = "1,2";
				TEST_TARGET_NAME = "Point Counter (iOS)";
			};
			name = Debug;
		};
		0847982E28828F4300A792B2 /* Release */ = {
			isa = XCBuildConfiguration;
			buildSettings = {
				ALWAYS_EMBED_SWIFT_STANDARD_LIBRARIES = YES;
				CODE_SIGN_STYLE = Automatic;
				CURRENT_PROJECT_VERSION = 1;
				DEVELOPMENT_TEAM = J8YJLAG3D5;
				GENERATE_INFOPLIST_FILE = YES;
				IPHONEOS_DEPLOYMENT_TARGET = 15.5;
				MARKETING_VERSION = 1.0;
				PRODUCT_BUNDLE_IDENTIFIER = "net.waiata.Tests-iOS";
				PRODUCT_NAME = "$(TARGET_NAME)";
				SDKROOT = iphoneos;
				SWIFT_EMIT_LOC_STRINGS = NO;
				SWIFT_VERSION = 5.0;
				TARGETED_DEVICE_FAMILY = "1,2";
				TEST_TARGET_NAME = "Point Counter (iOS)";
				VALIDATE_PRODUCT = YES;
			};
			name = Release;
		};
		0847983028828F4300A792B2 /* Debug */ = {
			isa = XCBuildConfiguration;
			buildSettings = {
				ALWAYS_EMBED_SWIFT_STANDARD_LIBRARIES = YES;
				CODE_SIGN_STYLE = Automatic;
				CURRENT_PROJECT_VERSION = 1;
				DEVELOPMENT_TEAM = J8YJLAG3D5;
				GENERATE_INFOPLIST_FILE = YES;
				MACOSX_DEPLOYMENT_TARGET = 12.3;
				MARKETING_VERSION = 1.0;
				PRODUCT_BUNDLE_IDENTIFIER = "net.waiata.Tests-macOS";
				PRODUCT_NAME = "$(TARGET_NAME)";
				SDKROOT = macosx;
				SWIFT_EMIT_LOC_STRINGS = NO;
				SWIFT_VERSION = 5.0;
				TEST_TARGET_NAME = "Point Counter (macOS)";
			};
			name = Debug;
		};
		0847983128828F4300A792B2 /* Release */ = {
			isa = XCBuildConfiguration;
			buildSettings = {
				ALWAYS_EMBED_SWIFT_STANDARD_LIBRARIES = YES;
				CODE_SIGN_STYLE = Automatic;
				CURRENT_PROJECT_VERSION = 1;
				DEVELOPMENT_TEAM = J8YJLAG3D5;
				GENERATE_INFOPLIST_FILE = YES;
				MACOSX_DEPLOYMENT_TARGET = 12.3;
				MARKETING_VERSION = 1.0;
				PRODUCT_BUNDLE_IDENTIFIER = "net.waiata.Tests-macOS";
				PRODUCT_NAME = "$(TARGET_NAME)";
				SDKROOT = macosx;
				SWIFT_EMIT_LOC_STRINGS = NO;
				SWIFT_VERSION = 5.0;
				TEST_TARGET_NAME = "Point Counter (macOS)";
			};
			name = Release;
		};
/* End XCBuildConfiguration section */

/* Begin XCConfigurationList section */
		084797EE28828F4100A792B2 /* Build configuration list for PBXProject "Point Counter" */ = {
			isa = XCConfigurationList;
			buildConfigurations = (
				0847982428828F4300A792B2 /* Debug */,
				0847982528828F4300A792B2 /* Release */,
			);
			defaultConfigurationIsVisible = 0;
			defaultConfigurationName = Release;
		};
		0847982628828F4300A792B2 /* Build configuration list for PBXNativeTarget "Point Counter (iOS)" */ = {
			isa = XCConfigurationList;
			buildConfigurations = (
				0847982728828F4300A792B2 /* Debug */,
				0847982828828F4300A792B2 /* Release */,
			);
			defaultConfigurationIsVisible = 0;
			defaultConfigurationName = Release;
		};
		0847982928828F4300A792B2 /* Build configuration list for PBXNativeTarget "Point Counter (macOS)" */ = {
			isa = XCConfigurationList;
			buildConfigurations = (
				0847982A28828F4300A792B2 /* Debug */,
				0847982B28828F4300A792B2 /* Release */,
			);
			defaultConfigurationIsVisible = 0;
			defaultConfigurationName = Release;
		};
		0847982C28828F4300A792B2 /* Build configuration list for PBXNativeTarget "Tests iOS" */ = {
			isa = XCConfigurationList;
			buildConfigurations = (
				0847982D28828F4300A792B2 /* Debug */,
				0847982E28828F4300A792B2 /* Release */,
			);
			defaultConfigurationIsVisible = 0;
			defaultConfigurationName = Release;
		};
		0847982F28828F4300A792B2 /* Build configuration list for PBXNativeTarget "Tests macOS" */ = {
			isa = XCConfigurationList;
			buildConfigurations = (
				0847983028828F4300A792B2 /* Debug */,
				0847983128828F4300A792B2 /* Release */,
			);
			defaultConfigurationIsVisible = 0;
			defaultConfigurationName = Release;
		};
/* End XCConfigurationList section */
	};
	rootObject = 084797EB28828F4100A792B2 /* Project object */;
}
